
Microsoft Visual Studio Solution File, Format Version 12.00
# Visual Studio Version 16
VisualStudioVersion = 16.0.31702.278
MinimumVisualStudioVersion = 10.0.40219.1
Project("{FAE04EC0-301F-11D3-BF4B-00C04F79EFBC}") = "Task1", "Task1\Task1.csproj", "{36B4AEDC-E668-4C83-AC21-326996EB9AB0}"
EndProject
Project("{FAE04EC0-301F-11D3-BF4B-00C04F79EFBC}") = "Task2", "Task2\Task2.csproj", "{4813F8B7-1E7E-4697-BC04-DF555DC5BA67}"
EndProject
Project("{FAE04EC0-301F-11D3-BF4B-00C04F79EFBC}") = "Task3", "Task3\Task3.csproj", "{13672D83-7CA9-4FFA-BAE2-2F1ADA735956}"
EndProject
Project("{FAE04EC0-301F-11D3-BF4B-00C04F79EFBC}") = "Task4", "Task4\Task4.csproj", "{8BA4F168-9890-4869-A26F-71D8F96B13E1}"
EndProject
Global
	GlobalSection(SolutionConfigurationPlatforms) = preSolution
		Debug|Any CPU = Debug|Any CPU
		Release|Any CPU = Release|Any CPU
	EndGlobalSection
	GlobalSection(ProjectConfigurationPlatforms) = postSolution
		{36B4AEDC-E668-4C83-AC21-326996EB9AB0}.Debug|Any CPU.ActiveCfg = Debug|Any CPU
		{36B4AEDC-E668-4C83-AC21-326996EB9AB0}.Debug|Any CPU.Build.0 = Debug|Any CPU
		{36B4AEDC-E668-4C83-AC21-326996EB9AB0}.Release|Any CPU.ActiveCfg = Release|Any CPU
		{36B4AEDC-E668-4C83-AC21-326996EB9AB0}.Release|Any CPU.Build.0 = Release|Any CPU
		{4813F8B7-1E7E-4697-BC04-DF555DC5BA67}.Debug|Any CPU.ActiveCfg = Debug|Any CPU
		{4813F8B7-1E7E-4697-BC04-DF555DC5BA67}.Debug|Any CPU.Build.0 = Debug|Any CPU
		{4813F8B7-1E7E-4697-BC04-DF555DC5BA67}.Release|Any CPU.ActiveCfg = Release|Any CPU
		{4813F8B7-1E7E-4697-BC04-DF555DC5BA67}.Release|Any CPU.Build.0 = Release|Any CPU
		{13672D83-7CA9-4FFA-BAE2-2F1ADA735956}.Debug|Any CPU.ActiveCfg = Debug|Any CPU
		{13672D83-7CA9-4FFA-BAE2-2F1ADA735956}.Debug|Any CPU.Build.0 = Debug|Any CPU
		{13672D83-7CA9-4FFA-BAE2-2F1ADA735956}.Release|Any CPU.ActiveCfg = Release|Any CPU
		{13672D83-7CA9-4FFA-BAE2-2F1ADA735956}.Release|Any CPU.Build.0 = Release|Any CPU
		{8BA4F168-9890-4869-A26F-71D8F96B13E1}.Debug|Any CPU.ActiveCfg = Debug|Any CPU
		{8BA4F168-9890-4869-A26F-71D8F96B13E1}.Debug|Any CPU.Build.0 = Debug|Any CPU
		{8BA4F168-9890-4869-A26F-71D8F96B13E1}.Release|Any CPU.ActiveCfg = Release|Any CPU
		{8BA4F168-9890-4869-A26F-71D8F96B13E1}.Release|Any CPU.Build.0 = Release|Any CPU
	EndGlobalSection
	GlobalSection(SolutionProperties) = preSolution
		HideSolutionNode = FALSE
	EndGlobalSection
	GlobalSection(ExtensibilityGlobals) = postSolution
		SolutionGuid = {809A41B2-2AC7-4098-82A7-3819EC7BBBA8}
	EndGlobalSection
EndGlobal
